
Microsoft Visual Studio Solution File, Format Version 12.00
# Visual Studio Version 16
VisualStudioVersion = 16.0.31729.503
MinimumVisualStudioVersion = 10.0.40219.1
Project("{8BC9CEB8-8B4A-11D0-8D11-00A0C91BC942}") = "BOJ_4948", "BOJ_4948\BOJ_4948.vcxproj", "{58021B52-D3D9-42F8-A105-5AF56340CCF2}"
EndProject
Global
	GlobalSection(SolutionConfigurationPlatforms) = preSolution
		Debug|x64 = Debug|x64
		Release|x64 = Release|x64
	EndGlobalSection
	GlobalSection(ProjectConfigurationPlatforms) = postSolution
		{58021B52-D3D9-42F8-A105-5AF56340CCF2}.Debug|x64.ActiveCfg = Debug|x64
		{58021B52-D3D9-42F8-A105-5AF56340CCF2}.Debug|x64.Build.0 = Debug|x64
		{58021B52-D3D9-42F8-A105-5AF56340CCF2}.Release|x64.ActiveCfg = Release|x64
		{58021B52-D3D9-42F8-A105-5AF56340CCF2}.Release|x64.Build.0 = Release|x64
	EndGlobalSection
	GlobalSection(SolutionProperties) = preSolution
		HideSolutionNode = FALSE
	EndGlobalSection
	GlobalSection(ExtensibilityGlobals) = postSolution
		SolutionGuid = {A36A8D14-D8DB-4C41-BA85-2A8BED726317}
	EndGlobalSection
EndGlobal
